
Microsoft Visual Studio Solution File, Format Version 12.00
# Visual Studio Version 17
VisualStudioVersion = 17.4.33205.214
MinimumVisualStudioVersion = 10.0.40219.1
Project("{9A19103F-16F7-4668-BE54-9A1E7A4F7556}") = "AcmeCorporation", "AcmeCorporation.csproj", "{45F3C841-FD1D-4C92-8D76-40302FCD3E60}"
EndProject
Project("{9A19103F-16F7-4668-BE54-9A1E7A4F7556}") = "AcmeCorporationLibrary", "..\AcmeCorporationLibrary\AcmeCorporationLibrary.csproj", "{8A817B72-F940-4553-9E1D-B7B53EDE0725}"
EndProject
Global
	GlobalSection(SolutionConfigurationPlatforms) = preSolution
		Debug|Any CPU = Debug|Any CPU
		Release|Any CPU = Release|Any CPU
	EndGlobalSection
	GlobalSection(ProjectConfigurationPlatforms) = postSolution
		{45F3C841-FD1D-4C92-8D76-40302FCD3E60}.Debug|Any CPU.ActiveCfg = Debug|Any CPU
		{45F3C841-FD1D-4C92-8D76-40302FCD3E60}.Debug|Any CPU.Build.0 = Debug|Any CPU
		{45F3C841-FD1D-4C92-8D76-40302FCD3E60}.Release|Any CPU.ActiveCfg = Release|Any CPU
		{45F3C841-FD1D-4C92-8D76-40302FCD3E60}.Release|Any CPU.Build.0 = Release|Any CPU
		{8A817B72-F940-4553-9E1D-B7B53EDE0725}.Debug|Any CPU.ActiveCfg = Debug|Any CPU
		{8A817B72-F940-4553-9E1D-B7B53EDE0725}.Debug|Any CPU.Build.0 = Debug|Any CPU
		{8A817B72-F940-4553-9E1D-B7B53EDE0725}.Release|Any CPU.ActiveCfg = Release|Any CPU
		{8A817B72-F940-4553-9E1D-B7B53EDE0725}.Release|Any CPU.Build.0 = Release|Any CPU
	EndGlobalSection
	GlobalSection(SolutionProperties) = preSolution
		HideSolutionNode = FALSE
	EndGlobalSection
	GlobalSection(ExtensibilityGlobals) = postSolution
		SolutionGuid = {994EBBBA-A94F-4626-8F97-AAE97420E931}
	EndGlobalSection
EndGlobal
